{
  "pins" : [
    {
      "identity" : "dogtagkit",
      "kind" : "remoteSourceControl",
      "location" : "https://github.com/webauthnai/DogTagKit.git",
      "state" : {
        "revision" : "b25c7e1ce4ac6fb49217886eb3e359d2882f83cc",
        "version" : "1.0.0"
      }
    },
    {
      "identity" : "multipeerchatcore",
      "kind" : "remoteSourceControl",
      "location" : "https://github.com/webauthnai/MultiPeerChatCore.git",
      "state" : {
        "revision" : "4236f108a9a17d5429669d05f1e23b2b1bdaff9f",
        "version" : "1.0.1"
      }
    }
  ],
  "version" : 2
}
